{
  "version": "5",
  "specifiers": {
    "npm:@types/node@*": "24.2.0"
  },
  "npm": {
    "@types/node@24.2.0": {
      "integrity": "sha512-3xyG3pMCq3oYCNg7/ZP+E1ooTaGB4cG8JWRsqqOYQdbWNY4zbaV0Ennrd7stjiJEFZCaybcIgpTjJWHRfBSIDw==",
      "dependencies": [
        "undici-types"
      ]
    },
    "undici-types@7.10.0": {
      "integrity": "sha512-t5Fy/nfn+14LuOc2KNYg75vZqClpAiqscVvMygNnlsHBFpSXdJaYtXMcdNLpl/Qvc3P2cB3s6lOV51nqsFq4ag=="
    }
  },
  "redirects": {
    "https://esm.sh/@types/papaparse@~5.5.0/index.d.ts": "https://esm.sh/@types/papaparse@5.5.2/index.d.ts"
  },
  "remote": {
    "https://deno.land/std@0.177.0/fmt/colors.ts": "938c5d44d889fb82eff6c358bea8baa7e85950a16c9f6dae3ec3a7a729164471",
    "https://deno.land/std@0.177.0/testing/_diff.ts": "1a3c044aedf77647d6cac86b798c6417603361b66b54c53331b312caeb447aea",
    "https://deno.land/std@0.177.0/testing/_format.ts": "a69126e8a469009adf4cf2a50af889aca364c349797e63174884a52ff75cf4c7",
    "https://deno.land/std@0.177.0/testing/asserts.ts": "984ab0bfb3faeed92ffaa3a6b06536c66811185328c5dd146257c702c41b01ab",
    "https://esm.sh/papaparse@5.4.1": "219ba0c48cb54e9dff897b36f769042c63a965083bcde16e0a06e11fbd22c185",
    "https://esm.sh/papaparse@5.4.1/denonext/papaparse.mjs": "3e14449cfdc824b87de9fd9d08e85576b5677b6dce8dad28a6d7fcb938e9341b"
  }
}
